
Microsoft Visual Studio Solution File, Format Version 12.00
# Visual Studio Version 18
VisualStudioVersion = 18.0.11123.170
MinimumVisualStudioVersion = 10.0.40219.1
Project("{2150E333-8FDC-42A3-9474-1A3956D46DE8}") = "Tests", "Tests", "{4334788C-1281-440F-8139-182796518B8F}"
	ProjectSection(SolutionItems) = preProject
		tests\COVERAGE_REPORT.md = tests\COVERAGE_REPORT.md
		tests\MUTATION_TESTING.md = tests\MUTATION_TESTING.md
		tests\MUTATION_TESTING_SETUP.md = tests\MUTATION_TESTING_SETUP.md
		tests\README.Tests.md = tests\README.Tests.md
		tests\TEST_SETUP_SUMMARY.md = tests\TEST_SETUP_SUMMARY.md
	EndProjectSection
EndProject
Project("{2150E333-8FDC-42A3-9474-1A3956D46DE8}") = "Samples", "Samples", "{AF182FFE-B3DC-49F4-BAF7-6AAD211ADF02}"
EndProject
Project("{FAE04EC0-301F-11D3-BF4B-00C04F79EFBC}") = "AgenticChat", "samples\AgenticChat\AgenticChat.csproj", "{8FDD3302-1184-D8C7-0531-3EA7B65E1DE8}"
EndProject
Project("{FAE04EC0-301F-11D3-BF4B-00C04F79EFBC}") = "Connector", "src\Connector\Connector.csproj", "{6D9B0B36-6E0A-838A-58D0-1342C73C61F3}"
EndProject
Project("{FAE04EC0-301F-11D3-BF4B-00C04F79EFBC}") = "Connector.UnitTests", "tests\Connector.UnitTests\Connector.UnitTests.csproj", "{9D605BE8-CB94-62FE-14DB-A86F3D2A4041}"
EndProject
Project("{FAE04EC0-301F-11D3-BF4B-00C04F79EFBC}") = "AgenticChat.IntegrationTests", "tests\AgentiChat.IntegrationTests\AgenticChat.IntegrationTests.csproj", "{DC2E2EE2-E101-C1AF-160A-2660ED850347}"
EndProject
Global
	GlobalSection(SolutionConfigurationPlatforms) = preSolution
		Debug|Any CPU = Debug|Any CPU
		Release|Any CPU = Release|Any CPU
	EndGlobalSection
	GlobalSection(ProjectConfigurationPlatforms) = postSolution
		{8FDD3302-1184-D8C7-0531-3EA7B65E1DE8}.Debug|Any CPU.ActiveCfg = Debug|Any CPU
		{8FDD3302-1184-D8C7-0531-3EA7B65E1DE8}.Debug|Any CPU.Build.0 = Debug|Any CPU
		{8FDD3302-1184-D8C7-0531-3EA7B65E1DE8}.Release|Any CPU.ActiveCfg = Release|Any CPU
		{8FDD3302-1184-D8C7-0531-3EA7B65E1DE8}.Release|Any CPU.Build.0 = Release|Any CPU
		{6D9B0B36-6E0A-838A-58D0-1342C73C61F3}.Debug|Any CPU.ActiveCfg = Debug|Any CPU
		{6D9B0B36-6E0A-838A-58D0-1342C73C61F3}.Debug|Any CPU.Build.0 = Debug|Any CPU
		{6D9B0B36-6E0A-838A-58D0-1342C73C61F3}.Release|Any CPU.ActiveCfg = Release|Any CPU
		{6D9B0B36-6E0A-838A-58D0-1342C73C61F3}.Release|Any CPU.Build.0 = Release|Any CPU
		{9D605BE8-CB94-62FE-14DB-A86F3D2A4041}.Debug|Any CPU.ActiveCfg = Debug|Any CPU
		{9D605BE8-CB94-62FE-14DB-A86F3D2A4041}.Debug|Any CPU.Build.0 = Debug|Any CPU
		{9D605BE8-CB94-62FE-14DB-A86F3D2A4041}.Release|Any CPU.ActiveCfg = Release|Any CPU
		{9D605BE8-CB94-62FE-14DB-A86F3D2A4041}.Release|Any CPU.Build.0 = Release|Any CPU
		{DC2E2EE2-E101-C1AF-160A-2660ED850347}.Debug|Any CPU.ActiveCfg = Debug|Any CPU
		{DC2E2EE2-E101-C1AF-160A-2660ED850347}.Debug|Any CPU.Build.0 = Debug|Any CPU
		{DC2E2EE2-E101-C1AF-160A-2660ED850347}.Release|Any CPU.ActiveCfg = Release|Any CPU
		{DC2E2EE2-E101-C1AF-160A-2660ED850347}.Release|Any CPU.Build.0 = Release|Any CPU
	EndGlobalSection
	GlobalSection(SolutionProperties) = preSolution
		HideSolutionNode = FALSE
	EndGlobalSection
	GlobalSection(NestedProjects) = preSolution
		{8FDD3302-1184-D8C7-0531-3EA7B65E1DE8} = {AF182FFE-B3DC-49F4-BAF7-6AAD211ADF02}
		{9D605BE8-CB94-62FE-14DB-A86F3D2A4041} = {4334788C-1281-440F-8139-182796518B8F}
		{DC2E2EE2-E101-C1AF-160A-2660ED850347} = {4334788C-1281-440F-8139-182796518B8F}
	EndGlobalSection
	GlobalSection(ExtensibilityGlobals) = postSolution
		SolutionGuid = {F95592EE-DB14-4F2E-B04C-FD9E675CB98A}
	EndGlobalSection
EndGlobal
